
Microsoft Visual Studio Solution File, Format Version 12.00
# Visual Studio Version 16
VisualStudioVersion = 16.0.31410.223
MinimumVisualStudioVersion = 10.0.40219.1
Project("{D954291E-2A0B-460D-934E-DC6B0785DB48}") = "POSUNO.Shared", "POSUNO\POSUNO.Shared\POSUNO.Shared.shproj", "{6279C845-92F8-4333-AB99-3D213163593C}"
EndProject
Project("{2150E333-8FDC-42A3-9474-1A3956D46DE8}") = "Platforms", "Platforms", "{3C04BB89-6B4F-4017-A404-92760112CBE0}"
EndProject
Project("{FAE04EC0-301F-11D3-BF4B-00C04F79EFBC}") = "POSUNO.Droid", "POSUNO\POSUNO.Droid\POSUNO.Droid.csproj", "{18674F9E-AEA3-4525-98F6-08CB9FADCFCD}"
EndProject
Project("{FAE04EC0-301F-11D3-BF4B-00C04F79EFBC}") = "POSUNO.iOS", "POSUNO\POSUNO.iOS\POSUNO.iOS.csproj", "{303645A1-3EF3-4FDE-B620-7428DA06A9BC}"
EndProject
Project("{FAE04EC0-301F-11D3-BF4B-00C04F79EFBC}") = "POSUNO.UWP", "POSUNO\POSUNO.UWP\POSUNO.UWP.csproj", "{B067611F-3BD9-4343-B7A7-40F9BEE938E1}"
EndProject
Project("{9A19103F-16F7-4668-BE54-9A1E7A4F7556}") = "POSUNO.Wasm", "POSUNO\POSUNO.Wasm\POSUNO.Wasm.csproj", "{E64073D9-968D-49DA-B9BB-A3C2AB7070CC}"
EndProject
Project("{FAE04EC0-301F-11D3-BF4B-00C04F79EFBC}") = "POSUNO.macOS", "POSUNO\POSUNO.macOS\POSUNO.macOS.csproj", "{91EA0D68-0AA9-4237-9F3C-BC9F7539BA37}"
EndProject
Project("{9A19103F-16F7-4668-BE54-9A1E7A4F7556}") = "POSUNO.Skia.Wpf.Host", "POSUNO\POSUNO.Skia.Wpf.Host\POSUNO.Skia.Wpf.Host.csproj", "{3BF88B27-3B27-4E7B-91F8-F58CF93A84FD}"
EndProject
Project("{9A19103F-16F7-4668-BE54-9A1E7A4F7556}") = "POSUNO.Skia.Wpf", "POSUNO\POSUNO.Skia.Wpf\POSUNO.Skia.Wpf.csproj", "{1E2A6A6D-1578-43A2-BDF8-6AAAD9F014A6}"
EndProject
Project("{9A19103F-16F7-4668-BE54-9A1E7A4F7556}") = "POSUNO.Skia.Gtk", "POSUNO\POSUNO.Skia.Gtk\POSUNO.Skia.Gtk.csproj", "{FA2F58C4-8DE2-4306-930C-0E045456B226}"
EndProject
Project("{9A19103F-16F7-4668-BE54-9A1E7A4F7556}") = "POSUNO.Skia.Tizen", "POSUNO\POSUNO.Skia.Tizen\POSUNO.Skia.Tizen.csproj", "{B8ABDBD9-F412-478F-A1A2-1C8FFDC696CD}"
EndProject
Project("{FAE04EC0-301F-11D3-BF4B-00C04F79EFBC}") = "POSUNO.Api", "POSUNO.Api\POSUNO.Api.csproj", "{67C9ADCF-CA48-43E0-B4F9-ED056266B551}"
EndProject
Global
	GlobalSection(SharedMSBuildProjectFiles) = preSolution
		POSUNO\POSUNO.Shared\POSUNO.Shared.projitems*{18674f9e-aea3-4525-98f6-08cb9fadcfcd}*SharedItemsImports = 4
		POSUNO\POSUNO.Shared\POSUNO.Shared.projitems*{1e2a6a6d-1578-43a2-bdf8-6aaad9f014a6}*SharedItemsImports = 5
		POSUNO\POSUNO.Shared\POSUNO.Shared.projitems*{303645a1-3ef3-4fde-b620-7428da06a9bc}*SharedItemsImports = 4
		POSUNO\POSUNO.Shared\POSUNO.Shared.projitems*{6279c845-92f8-4333-ab99-3d213163593c}*SharedItemsImports = 13
		POSUNO\POSUNO.Shared\POSUNO.Shared.projitems*{91ea0d68-0aa9-4237-9f3c-bc9f7539ba37}*SharedItemsImports = 4
		POSUNO\POSUNO.Shared\POSUNO.Shared.projitems*{b067611f-3bd9-4343-b7a7-40f9bee938e1}*SharedItemsImports = 4
		POSUNO\POSUNO.Shared\POSUNO.Shared.projitems*{b8abdbd9-f412-478f-a1a2-1c8ffdc696cd}*SharedItemsImports = 5
		POSUNO\POSUNO.Shared\POSUNO.Shared.projitems*{e64073d9-968d-49da-b9bb-a3c2ab7070cc}*SharedItemsImports = 5
		POSUNO\POSUNO.Shared\POSUNO.Shared.projitems*{fa2f58c4-8de2-4306-930c-0e045456b226}*SharedItemsImports = 5
	EndGlobalSection
	GlobalSection(SolutionConfigurationPlatforms) = preSolution
		Ad-Hoc|Any CPU = Ad-Hoc|Any CPU
		Ad-Hoc|ARM = Ad-Hoc|ARM
		Ad-Hoc|ARM64 = Ad-Hoc|ARM64
		Ad-Hoc|iPhone = Ad-Hoc|iPhone
		Ad-Hoc|iPhoneSimulator = Ad-Hoc|iPhoneSimulator
		Ad-Hoc|x64 = Ad-Hoc|x64
		Ad-Hoc|x86 = Ad-Hoc|x86
		AppStore|Any CPU = AppStore|Any CPU
		AppStore|ARM = AppStore|ARM
		AppStore|ARM64 = AppStore|ARM64
		AppStore|iPhone = AppStore|iPhone
		AppStore|iPhoneSimulator = AppStore|iPhoneSimulator
		AppStore|x64 = AppStore|x64
		AppStore|x86 = AppStore|x86
		Debug|Any CPU = Debug|Any CPU
		Debug|ARM = Debug|ARM
		Debug|ARM64 = Debug|ARM64
		Debug|iPhone = Debug|iPhone
		Debug|iPhoneSimulator = Debug|iPhoneSimulator
		Debug|x64 = Debug|x64
		Debug|x86 = Debug|x86
		Release|Any CPU = Release|Any CPU
		Release|ARM = Release|ARM
		Release|ARM64 = Release|ARM64
		Release|iPhone = Release|iPhone
		Release|iPhoneSimulator = Release|iPhoneSimulator
		Release|x64 = Release|x64
		Release|x86 = Release|x86
	EndGlobalSection
	GlobalSection(ProjectConfigurationPlatforms) = postSolution
		{18674F9E-AEA3-4525-98F6-08CB9FADCFCD}.Ad-Hoc|Any CPU.ActiveCfg = Debug|Any CPU
		{18674F9E-AEA3-4525-98F6-08CB9FADCFCD}.Ad-Hoc|Any CPU.Build.0 = Debug|Any CPU
		{18674F9E-AEA3-4525-98F6-08CB9FADCFCD}.Ad-Hoc|Any CPU.Deploy.0 = Debug|Any CPU
		{18674F9E-AEA3-4525-98F6-08CB9FADCFCD}.Ad-Hoc|ARM.ActiveCfg = Debug|Any CPU
		{18674F9E-AEA3-4525-98F6-08CB9FADCFCD}.Ad-Hoc|ARM.Build.0 = Debug|Any CPU
		{18674F9E-AEA3-4525-98F6-08CB9FADCFCD}.Ad-Hoc|ARM.Deploy.0 = Debug|Any CPU
		{18674F9E-AEA3-4525-98F6-08CB9FADCFCD}.Ad-Hoc|ARM64.ActiveCfg = Debug|Any CPU
		{18674F9E-AEA3-4525-98F6-08CB9FADCFCD}.Ad-Hoc|ARM64.Build.0 = Debug|Any CPU
		{18674F9E-AEA3-4525-98F6-08CB9FADCFCD}.Ad-Hoc|ARM64.Deploy.0 = Debug|Any CPU
		{18674F9E-AEA3-4525-98F6-08CB9FADCFCD}.Ad-Hoc|iPhone.ActiveCfg = Debug|Any CPU
		{18674F9E-AEA3-4525-98F6-08CB9FADCFCD}.Ad-Hoc|iPhone.Build.0 = Debug|Any CPU
		{18674F9E-AEA3-4525-98F6-08CB9FADCFCD}.Ad-Hoc|iPhone.Deploy.0 = Debug|Any CPU
		{18674F9E-AEA3-4525-98F6-08CB9FADCFCD}.Ad-Hoc|iPhoneSimulator.ActiveCfg = Debug|Any CPU
		{18674F9E-AEA3-4525-98F6-08CB9FADCFCD}.Ad-Hoc|iPhoneSimulator.Build.0 = Debug|Any CPU
		{18674F9E-AEA3-4525-98F6-08CB9FADCFCD}.Ad-Hoc|iPhoneSimulator.Deploy.0 = Debug|Any CPU
		{18674F9E-AEA3-4525-98F6-08CB9FADCFCD}.Ad-Hoc|x64.ActiveCfg = Debug|Any CPU
		{18674F9E-AEA3-4525-98F6-08CB9FADCFCD}.Ad-Hoc|x64.Build.0 = Debug|Any CPU
		{18674F9E-AEA3-4525-98F6-08CB9FADCFCD}.Ad-Hoc|x64.Deploy.0 = Debug|Any CPU
		{18674F9E-AEA3-4525-98F6-08CB9FADCFCD}.Ad-Hoc|x86.ActiveCfg = Debug|Any CPU
		{18674F9E-AEA3-4525-98F6-08CB9FADCFCD}.Ad-Hoc|x86.Build.0 = Debug|Any CPU
		{18674F9E-AEA3-4525-98F6-08CB9FADCFCD}.Ad-Hoc|x86.Deploy.0 = Debug|Any CPU
		{18674F9E-AEA3-4525-98F6-08CB9FADCFCD}.AppStore|Any CPU.ActiveCfg = Debug|Any CPU
		{18674F9E-AEA3-4525-98F6-08CB9FADCFCD}.AppStore|Any CPU.Build.0 = Debug|Any CPU
		{18674F9E-AEA3-4525-98F6-08CB9FADCFCD}.AppStore|Any CPU.Deploy.0 = Debug|Any CPU
		{18674F9E-AEA3-4525-98F6-08CB9FADCFCD}.AppStore|ARM.ActiveCfg = Debug|Any CPU
		{18674F9E-AEA3-4525-98F6-08CB9FADCFCD}.AppStore|ARM.Build.0 = Debug|Any CPU
		{18674F9E-AEA3-4525-98F6-08CB9FADCFCD}.AppStore|ARM.Deploy.0 = Debug|Any CPU
		{18674F9E-AEA3-4525-98F6-08CB9FADCFCD}.AppStore|ARM64.ActiveCfg = Debug|Any CPU
		{18674F9E-AEA3-4525-98F6-08CB9FADCFCD}.AppStore|ARM64.Build.0 = Debug|Any CPU
		{18674F9E-AEA3-4525-98F6-08CB9FADCFCD}.AppStore|ARM64.Deploy.0 = Debug|Any CPU
		{18674F9E-AEA3-4525-98F6-08CB9FADCFCD}.AppStore|iPhone.ActiveCfg = Debug|Any CPU
		{18674F9E-AEA3-4525-98F6-08CB9FADCFCD}.AppStore|iPhone.Build.0 = Debug|Any CPU
		{18674F9E-AEA3-4525-98F6-08CB9FADCFCD}.AppStore|iPhone.Deploy.0 = Debug|Any CPU
		{18674F9E-AEA3-4525-98F6-08CB9FADCFCD}.AppStore|iPhoneSimulator.ActiveCfg = Debug|Any CPU
		{18674F9E-AEA3-4525-98F6-08CB9FADCFCD}.AppStore|iPhoneSimulator.Build.0 = Debug|Any CPU
		{18674F9E-AEA3-4525-98F6-08CB9FADCFCD}.AppStore|iPhoneSimulator.Deploy.0 = Debug|Any CPU
		{18674F9E-AEA3-4525-98F6-08CB9FADCFCD}.AppStore|x64.ActiveCfg = Debug|Any CPU
		{18674F9E-AEA3-4525-98F6-08CB9FADCFCD}.AppStore|x64.Build.0 = Debug|Any CPU
		{18674F9E-AEA3-4525-98F6-08CB9FADCFCD}.AppStore|x64.Deploy.0 = Debug|Any CPU
		{18674F9E-AEA3-4525-98F6-08CB9FADCFCD}.AppStore|x86.ActiveCfg = Debug|Any CPU
		{18674F9E-AEA3-4525-98F6-08CB9FADCFCD}.AppStore|x86.Build.0 = Debug|Any CPU
		{18674F9E-AEA3-4525-98F6-08CB9FADCFCD}.AppStore|x86.Deploy.0 = Debug|Any CPU
		{18674F9E-AEA3-4525-98F6-08CB9FADCFCD}.Debug|Any CPU.ActiveCfg = Debug|Any CPU
		{18674F9E-AEA3-4525-98F6-08CB9FADCFCD}.Debug|Any CPU.Build.0 = Debug|Any CPU
		{18674F9E-AEA3-4525-98F6-08CB9FADCFCD}.Debug|Any CPU.Deploy.0 = Debug|Any CPU
		{18674F9E-AEA3-4525-98F6-08CB9FADCFCD}.Debug|ARM.ActiveCfg = Debug|Any CPU
		{18674F9E-AEA3-4525-98F6-08CB9FADCFCD}.Debug|ARM.Build.0 = Debug|Any CPU
		{18674F9E-AEA3-4525-98F6-08CB9FADCFCD}.Debug|ARM.Deploy.0 = Debug|Any CPU
		{18674F9E-AEA3-4525-98F6-08CB9FADCFCD}.Debug|ARM64.ActiveCfg = Debug|Any CPU
		{18674F9E-AEA3-4525-98F6-08CB9FADCFCD}.Debug|ARM64.Build.0 = Debug|Any CPU
		{18674F9E-AEA3-4525-98F6-08CB9FADCFCD}.Debug|ARM64.Deploy.0 = Debug|Any CPU
		{18674F9E-AEA3-4525-98F6-08CB9FADCFCD}.Debug|iPhone.ActiveCfg = Debug|Any CPU
		{18674F9E-AEA3-4525-98F6-08CB9FADCFCD}.Debug|iPhone.Build.0 = Debug|Any CPU
		{18674F9E-AEA3-4525-98F6-08CB9FADCFCD}.Debug|iPhone.Deploy.0 = Debug|Any CPU
		{18674F9E-AEA3-4525-98F6-08CB9FADCFCD}.Debug|iPhoneSimulator.ActiveCfg = Debug|Any CPU
		{18674F9E-AEA3-4525-98F6-08CB9FADCFCD}.Debug|iPhoneSimulator.Build.0 = Debug|Any CPU
		{18674F9E-AEA3-4525-98F6-08CB9FADCFCD}.Debug|iPhoneSimulator.Deploy.0 = Debug|Any CPU
		{18674F9E-AEA3-4525-98F6-08CB9FADCFCD}.Debug|x64.ActiveCfg = Debug|Any CPU
		{18674F9E-AEA3-4525-98F6-08CB9FADCFCD}.Debug|x64.Build.0 = Debug|Any CPU
		{18674F9E-AEA3-4525-98F6-08CB9FADCFCD}.Debug|x64.Deploy.0 = Debug|Any CPU
		{18674F9E-AEA3-4525-98F6-08CB9FADCFCD}.Debug|x86.ActiveCfg = Debug|Any CPU
		{18674F9E-AEA3-4525-98F6-08CB9FADCFCD}.Debug|x86.Build.0 = Debug|Any CPU
		{18674F9E-AEA3-4525-98F6-08CB9FADCFCD}.Debug|x86.Deploy.0 = Debug|Any CPU
		{18674F9E-AEA3-4525-98F6-08CB9FADCFCD}.Release|Any CPU.ActiveCfg = Release|Any CPU
		{18674F9E-AEA3-4525-98F6-08CB9FADCFCD}.Release|Any CPU.Build.0 = Release|Any CPU
		{18674F9E-AEA3-4525-98F6-08CB9FADCFCD}.Release|Any CPU.Deploy.0 = Release|Any CPU
		{18674F9E-AEA3-4525-98F6-08CB9FADCFCD}.Release|ARM.ActiveCfg = Release|Any CPU
		{18674F9E-AEA3-4525-98F6-08CB9FADCFCD}.Release|ARM.Build.0 = Release|Any CPU
		{18674F9E-AEA3-4525-98F6-08CB9FADCFCD}.Release|ARM.Deploy.0 = Release|Any CPU
		{18674F9E-AEA3-4525-98F6-08CB9FADCFCD}.Release|ARM64.ActiveCfg = Release|Any CPU
		{18674F9E-AEA3-4525-98F6-08CB9FADCFCD}.Release|ARM64.Build.0 = Release|Any CPU
		{18674F9E-AEA3-4525-98F6-08CB9FADCFCD}.Release|ARM64.Deploy.0 = Release|Any CPU
		{18674F9E-AEA3-4525-98F6-08CB9FADCFCD}.Release|iPhone.ActiveCfg = Release|Any CPU
		{18674F9E-AEA3-4525-98F6-08CB9FADCFCD}.Release|iPhone.Build.0 = Release|Any CPU
		{18674F9E-AEA3-4525-98F6-08CB9FADCFCD}.Release|iPhone.Deploy.0 = Release|Any CPU
		{18674F9E-AEA3-4525-98F6-08CB9FADCFCD}.Release|iPhoneSimulator.ActiveCfg = Release|Any CPU
		{18674F9E-AEA3-4525-98F6-08CB9FADCFCD}.Release|iPhoneSimulator.Build.0 = Release|Any CPU
		{18674F9E-AEA3-4525-98F6-08CB9FADCFCD}.Release|iPhoneSimulator.Deploy.0 = Release|Any CPU
		{18674F9E-AEA3-4525-98F6-08CB9FADCFCD}.Release|x64.ActiveCfg = Release|Any CPU
		{18674F9E-AEA3-4525-98F6-08CB9FADCFCD}.Release|x64.Build.0 = Release|Any CPU
		{18674F9E-AEA3-4525-98F6-08CB9FADCFCD}.Release|x64.Deploy.0 = Release|Any CPU
		{18674F9E-AEA3-4525-98F6-08CB9FADCFCD}.Release|x86.ActiveCfg = Release|Any CPU
		{18674F9E-AEA3-4525-98F6-08CB9FADCFCD}.Release|x86.Build.0 = Release|Any CPU
		{18674F9E-AEA3-4525-98F6-08CB9FADCFCD}.Release|x86.Deploy.0 = Release|Any CPU
		{303645A1-3EF3-4FDE-B620-7428DA06A9BC}.Ad-Hoc|Any CPU.ActiveCfg = Ad-Hoc|iPhoneSimulator
		{303645A1-3EF3-4FDE-B620-7428DA06A9BC}.Ad-Hoc|ARM.ActiveCfg = Ad-Hoc|iPhoneSimulator
		{303645A1-3EF3-4FDE-B620-7428DA06A9BC}.Ad-Hoc|ARM64.ActiveCfg = Ad-Hoc|iPhoneSimulator
		{303645A1-3EF3-4FDE-B620-7428DA06A9BC}.Ad-Hoc|iPhone.ActiveCfg = Ad-Hoc|iPhone
		{303645A1-3EF3-4FDE-B620-7428DA06A9BC}.Ad-Hoc|iPhone.Build.0 = Ad-Hoc|iPhone
		{303645A1-3EF3-4FDE-B620-7428DA06A9BC}.Ad-Hoc|iPhoneSimulator.ActiveCfg = Ad-Hoc|iPhoneSimulator
		{303645A1-3EF3-4FDE-B620-7428DA06A9BC}.Ad-Hoc|iPhoneSimulator.Build.0 = Ad-Hoc|iPhoneSimulator
		{303645A1-3EF3-4FDE-B620-7428DA06A9BC}.Ad-Hoc|x64.ActiveCfg = Ad-Hoc|iPhoneSimulator
		{303645A1-3EF3-4FDE-B620-7428DA06A9BC}.Ad-Hoc|x86.ActiveCfg = Ad-Hoc|iPhoneSimulator
		{303645A1-3EF3-4FDE-B620-7428DA06A9BC}.AppStore|Any CPU.ActiveCfg = AppStore|iPhoneSimulator
		{303645A1-3EF3-4FDE-B620-7428DA06A9BC}.AppStore|ARM.ActiveCfg = AppStore|iPhoneSimulator
		{303645A1-3EF3-4FDE-B620-7428DA06A9BC}.AppStore|ARM64.ActiveCfg = AppStore|iPhoneSimulator
		{303645A1-3EF3-4FDE-B620-7428DA06A9BC}.AppStore|iPhone.ActiveCfg = AppStore|iPhone
		{303645A1-3EF3-4FDE-B620-7428DA06A9BC}.AppStore|iPhone.Build.0 = AppStore|iPhone
		{303645A1-3EF3-4FDE-B620-7428DA06A9BC}.AppStore|iPhoneSimulator.ActiveCfg = AppStore|iPhoneSimulator
		{303645A1-3EF3-4FDE-B620-7428DA06A9BC}.AppStore|iPhoneSimulator.Build.0 = AppStore|iPhoneSimulator
		{303645A1-3EF3-4FDE-B620-7428DA06A9BC}.AppStore|x64.ActiveCfg = AppStore|iPhoneSimulator
		{303645A1-3EF3-4FDE-B620-7428DA06A9BC}.AppStore|x86.ActiveCfg = AppStore|iPhoneSimulator
		{303645A1-3EF3-4FDE-B620-7428DA06A9BC}.Debug|Any CPU.ActiveCfg = Debug|iPhoneSimulator
		{303645A1-3EF3-4FDE-B620-7428DA06A9BC}.Debug|ARM.ActiveCfg = Debug|iPhoneSimulator
		{303645A1-3EF3-4FDE-B620-7428DA06A9BC}.Debug|ARM64.ActiveCfg = Debug|iPhoneSimulator
		{303645A1-3EF3-4FDE-B620-7428DA06A9BC}.Debug|iPhone.ActiveCfg = Debug|iPhone
		{303645A1-3EF3-4FDE-B620-7428DA06A9BC}.Debug|iPhone.Build.0 = Debug|iPhone
		{303645A1-3EF3-4FDE-B620-7428DA06A9BC}.Debug|iPhoneSimulator.ActiveCfg = Debug|iPhoneSimulator
		{303645A1-3EF3-4FDE-B620-7428DA06A9BC}.Debug|iPhoneSimulator.Build.0 = Debug|iPhoneSimulator
		{303645A1-3EF3-4FDE-B620-7428DA06A9BC}.Debug|x64.ActiveCfg = Debug|iPhoneSimulator
		{303645A1-3EF3-4FDE-B620-7428DA06A9BC}.Debug|x86.ActiveCfg = Debug|iPhoneSimulator
		{303645A1-3EF3-4FDE-B620-7428DA06A9BC}.Release|Any CPU.ActiveCfg = Release|iPhoneSimulator
		{303645A1-3EF3-4FDE-B620-7428DA06A9BC}.Release|ARM.ActiveCfg = Release|iPhoneSimulator
		{303645A1-3EF3-4FDE-B620-7428DA06A9BC}.Release|ARM64.ActiveCfg = Release|iPhoneSimulator
		{303645A1-3EF3-4FDE-B620-7428DA06A9BC}.Release|iPhone.ActiveCfg = Release|iPhone
		{303645A1-3EF3-4FDE-B620-7428DA06A9BC}.Release|iPhone.Build.0 = Release|iPhone
		{303645A1-3EF3-4FDE-B620-7428DA06A9BC}.Release|iPhoneSimulator.ActiveCfg = Release|iPhoneSimulator
		{303645A1-3EF3-4FDE-B620-7428DA06A9BC}.Release|iPhoneSimulator.Build.0 = Release|iPhoneSimulator
		{303645A1-3EF3-4FDE-B620-7428DA06A9BC}.Release|x64.ActiveCfg = Release|iPhoneSimulator
		{303645A1-3EF3-4FDE-B620-7428DA06A9BC}.Release|x86.ActiveCfg = Release|iPhoneSimulator
		{B067611F-3BD9-4343-B7A7-40F9BEE938E1}.Ad-Hoc|Any CPU.ActiveCfg = Debug|x86
		{B067611F-3BD9-4343-B7A7-40F9BEE938E1}.Ad-Hoc|Any CPU.Build.0 = Debug|x86
		{B067611F-3BD9-4343-B7A7-40F9BEE938E1}.Ad-Hoc|Any CPU.Deploy.0 = Debug|x86
		{B067611F-3BD9-4343-B7A7-40F9BEE938E1}.Ad-Hoc|ARM.ActiveCfg = Debug|ARM
		{B067611F-3BD9-4343-B7A7-40F9BEE938E1}.Ad-Hoc|ARM.Build.0 = Debug|ARM
		{B067611F-3BD9-4343-B7A7-40F9BEE938E1}.Ad-Hoc|ARM.Deploy.0 = Debug|ARM
		{B067611F-3BD9-4343-B7A7-40F9BEE938E1}.Ad-Hoc|ARM64.ActiveCfg = Debug|ARM64
		{B067611F-3BD9-4343-B7A7-40F9BEE938E1}.Ad-Hoc|ARM64.Build.0 = Debug|ARM64
		{B067611F-3BD9-4343-B7A7-40F9BEE938E1}.Ad-Hoc|ARM64.Deploy.0 = Debug|ARM64
		{B067611F-3BD9-4343-B7A7-40F9BEE938E1}.Ad-Hoc|iPhone.ActiveCfg = Debug|x86
		{B067611F-3BD9-4343-B7A7-40F9BEE938E1}.Ad-Hoc|iPhone.Build.0 = Debug|x86
		{B067611F-3BD9-4343-B7A7-40F9BEE938E1}.Ad-Hoc|iPhone.Deploy.0 = Debug|x86
		{B067611F-3BD9-4343-B7A7-40F9BEE938E1}.Ad-Hoc|iPhoneSimulator.ActiveCfg = Debug|x86
		{B067611F-3BD9-4343-B7A7-40F9BEE938E1}.Ad-Hoc|iPhoneSimulator.Build.0 = Debug|x86
		{B067611F-3BD9-4343-B7A7-40F9BEE938E1}.Ad-Hoc|iPhoneSimulator.Deploy.0 = Debug|x86
		{B067611F-3BD9-4343-B7A7-40F9BEE938E1}.Ad-Hoc|x64.ActiveCfg = Debug|x64
		{B067611F-3BD9-4343-B7A7-40F9BEE938E1}.Ad-Hoc|x64.Build.0 = Debug|x64
		{B067611F-3BD9-4343-B7A7-40F9BEE938E1}.Ad-Hoc|x64.Deploy.0 = Debug|x64
		{B067611F-3BD9-4343-B7A7-40F9BEE938E1}.Ad-Hoc|x86.ActiveCfg = Debug|x86
		{B067611F-3BD9-4343-B7A7-40F9BEE938E1}.Ad-Hoc|x86.Build.0 = Debug|x86
		{B067611F-3BD9-4343-B7A7-40F9BEE938E1}.Ad-Hoc|x86.Deploy.0 = Debug|x86
		{B067611F-3BD9-4343-B7A7-40F9BEE938E1}.AppStore|Any CPU.ActiveCfg = Debug|x86
		{B067611F-3BD9-4343-B7A7-40F9BEE938E1}.AppStore|Any CPU.Build.0 = Debug|x86
		{B067611F-3BD9-4343-B7A7-40F9BEE938E1}.AppStore|Any CPU.Deploy.0 = Debug|x86
		{B067611F-3BD9-4343-B7A7-40F9BEE938E1}.AppStore|ARM.ActiveCfg = Debug|ARM
		{B067611F-3BD9-4343-B7A7-40F9BEE938E1}.AppStore|ARM.Build.0 = Debug|ARM
		{B067611F-3BD9-4343-B7A7-40F9BEE938E1}.AppStore|ARM.Deploy.0 = Debug|ARM
		{B067611F-3BD9-4343-B7A7-40F9BEE938E1}.AppStore|ARM64.ActiveCfg = Debug|ARM64
		{B067611F-3BD9-4343-B7A7-40F9BEE938E1}.AppStore|ARM64.Build.0 = Debug|ARM64
		{B067611F-3BD9-4343-B7A7-40F9BEE938E1}.AppStore|ARM64.Deploy.0 = Debug|ARM64
		{B067611F-3BD9-4343-B7A7-40F9BEE938E1}.AppStore|iPhone.ActiveCfg = Debug|x86
		{B067611F-3BD9-4343-B7A7-40F9BEE938E1}.AppStore|iPhone.Build.0 = Debug|x86
		{B067611F-3BD9-4343-B7A7-40F9BEE938E1}.AppStore|iPhone.Deploy.0 = Debug|x86
		{B067611F-3BD9-4343-B7A7-40F9BEE938E1}.AppStore|iPhoneSimulator.ActiveCfg = Debug|x86
		{B067611F-3BD9-4343-B7A7-40F9BEE938E1}.AppStore|iPhoneSimulator.Build.0 = Debug|x86
		{B067611F-3BD9-4343-B7A7-40F9BEE938E1}.AppStore|iPhoneSimulator.Deploy.0 = Debug|x86
		{B067611F-3BD9-4343-B7A7-40F9BEE938E1}.AppStore|x64.ActiveCfg = Debug|x64
		{B067611F-3BD9-4343-B7A7-40F9BEE938E1}.AppStore|x64.Build.0 = Debug|x64
		{B067611F-3BD9-4343-B7A7-40F9BEE938E1}.AppStore|x64.Deploy.0 = Debug|x64
		{B067611F-3BD9-4343-B7A7-40F9BEE938E1}.AppStore|x86.ActiveCfg = Debug|x86
		{B067611F-3BD9-4343-B7A7-40F9BEE938E1}.AppStore|x86.Build.0 = Debug|x86
		{B067611F-3BD9-4343-B7A7-40F9BEE938E1}.AppStore|x86.Deploy.0 = Debug|x86
		{B067611F-3BD9-4343-B7A7-40F9BEE938E1}.Debug|Any CPU.ActiveCfg = Debug|x86
		{B067611F-3BD9-4343-B7A7-40F9BEE938E1}.Debug|Any CPU.Build.0 = Debug|x86
		{B067611F-3BD9-4343-B7A7-40F9BEE938E1}.Debug|Any CPU.Deploy.0 = Debug|x86
		{B067611F-3BD9-4343-B7A7-40F9BEE938E1}.Debug|ARM.ActiveCfg = Debug|ARM
		{B067611F-3BD9-4343-B7A7-40F9BEE938E1}.Debug|ARM.Build.0 = Debug|ARM
		{B067611F-3BD9-4343-B7A7-40F9BEE938E1}.Debug|ARM.Deploy.0 = Debug|ARM
		{B067611F-3BD9-4343-B7A7-40F9BEE938E1}.Debug|ARM64.ActiveCfg = Debug|ARM64
		{B067611F-3BD9-4343-B7A7-40F9BEE938E1}.Debug|ARM64.Build.0 = Debug|ARM64
		{B067611F-3BD9-4343-B7A7-40F9BEE938E1}.Debug|ARM64.Deploy.0 = Debug|ARM64
		{B067611F-3BD9-4343-B7A7-40F9BEE938E1}.Debug|iPhone.ActiveCfg = Debug|x86
		{B067611F-3BD9-4343-B7A7-40F9BEE938E1}.Debug|iPhoneSimulator.ActiveCfg = Debug|x86
		{B067611F-3BD9-4343-B7A7-40F9BEE938E1}.Debug|x64.ActiveCfg = Debug|x64
		{B067611F-3BD9-4343-B7A7-40F9BEE938E1}.Debug|x64.Build.0 = Debug|x64
		{B067611F-3BD9-4343-B7A7-40F9BEE938E1}.Debug|x64.Deploy.0 = Debug|x64
		{B067611F-3BD9-4343-B7A7-40F9BEE938E1}.Debug|x86.ActiveCfg = Debug|x86
		{B067611F-3BD9-4343-B7A7-40F9BEE938E1}.Debug|x86.Build.0 = Debug|x86
		{B067611F-3BD9-4343-B7A7-40F9BEE938E1}.Debug|x86.Deploy.0 = Debug|x86
		{B067611F-3BD9-4343-B7A7-40F9BEE938E1}.Release|Any CPU.ActiveCfg = Release|x86
		{B067611F-3BD9-4343-B7A7-40F9BEE938E1}.Release|ARM.ActiveCfg = Release|ARM
		{B067611F-3BD9-4343-B7A7-40F9BEE938E1}.Release|ARM.Build.0 = Release|ARM
		{B067611F-3BD9-4343-B7A7-40F9BEE938E1}.Release|ARM.Deploy.0 = Release|ARM
		{B067611F-3BD9-4343-B7A7-40F9BEE938E1}.Release|ARM64.ActiveCfg = Release|ARM64
		{B067611F-3BD9-4343-B7A7-40F9BEE938E1}.Release|ARM64.Build.0 = Release|ARM64
		{B067611F-3BD9-4343-B7A7-40F9BEE938E1}.Release|ARM64.Deploy.0 = Release|ARM64
		{B067611F-3BD9-4343-B7A7-40F9BEE938E1}.Release|iPhone.ActiveCfg = Release|x86
		{B067611F-3BD9-4343-B7A7-40F9BEE938E1}.Release|iPhoneSimulator.ActiveCfg = Release|x86
		{B067611F-3BD9-4343-B7A7-40F9BEE938E1}.Release|x64.ActiveCfg = Release|x64
		{B067611F-3BD9-4343-B7A7-40F9BEE938E1}.Release|x64.Build.0 = Release|x64
		{B067611F-3BD9-4343-B7A7-40F9BEE938E1}.Release|x64.Deploy.0 = Release|x64
		{B067611F-3BD9-4343-B7A7-40F9BEE938E1}.Release|x86.ActiveCfg = Release|x86
		{B067611F-3BD9-4343-B7A7-40F9BEE938E1}.Release|x86.Build.0 = Release|x86
		{B067611F-3BD9-4343-B7A7-40F9BEE938E1}.Release|x86.Deploy.0 = Release|x86
		{E64073D9-968D-49DA-B9BB-A3C2AB7070CC}.Ad-Hoc|Any CPU.ActiveCfg = Debug|Any CPU
		{E64073D9-968D-49DA-B9BB-A3C2AB7070CC}.Ad-Hoc|Any CPU.Build.0 = Debug|Any CPU
		{E64073D9-968D-49DA-B9BB-A3C2AB7070CC}.Ad-Hoc|ARM.ActiveCfg = Debug|Any CPU
		{E64073D9-968D-49DA-B9BB-A3C2AB7070CC}.Ad-Hoc|ARM.Build.0 = Debug|Any CPU
		{E64073D9-968D-49DA-B9BB-A3C2AB7070CC}.Ad-Hoc|ARM64.ActiveCfg = Debug|Any CPU
		{E64073D9-968D-49DA-B9BB-A3C2AB7070CC}.Ad-Hoc|ARM64.Build.0 = Debug|Any CPU
		{E64073D9-968D-49DA-B9BB-A3C2AB7070CC}.Ad-Hoc|iPhone.ActiveCfg = Debug|Any CPU
		{E64073D9-968D-49DA-B9BB-A3C2AB7070CC}.Ad-Hoc|iPhone.Build.0 = Debug|Any CPU
		{E64073D9-968D-49DA-B9BB-A3C2AB7070CC}.Ad-Hoc|iPhoneSimulator.ActiveCfg = Debug|Any CPU
		{E64073D9-968D-49DA-B9BB-A3C2AB7070CC}.Ad-Hoc|iPhoneSimulator.Build.0 = Debug|Any CPU
		{E64073D9-968D-49DA-B9BB-A3C2AB7070CC}.Ad-Hoc|x64.ActiveCfg = Debug|Any CPU
		{E64073D9-968D-49DA-B9BB-A3C2AB7070CC}.Ad-Hoc|x64.Build.0 = Debug|Any CPU
		{E64073D9-968D-49DA-B9BB-A3C2AB7070CC}.Ad-Hoc|x86.ActiveCfg = Debug|Any CPU
		{E64073D9-968D-49DA-B9BB-A3C2AB7070CC}.Ad-Hoc|x86.Build.0 = Debug|Any CPU
		{E64073D9-968D-49DA-B9BB-A3C2AB7070CC}.AppStore|Any CPU.ActiveCfg = Debug|Any CPU
		{E64073D9-968D-49DA-B9BB-A3C2AB7070CC}.AppStore|Any CPU.Build.0 = Debug|Any CPU
		{E64073D9-968D-49DA-B9BB-A3C2AB7070CC}.AppStore|ARM.ActiveCfg = Debug|Any CPU
		{E64073D9-968D-49DA-B9BB-A3C2AB7070CC}.AppStore|ARM.Build.0 = Debug|Any CPU
		{E64073D9-968D-49DA-B9BB-A3C2AB7070CC}.AppStore|ARM64.ActiveCfg = Debug|Any CPU
		{E64073D9-968D-49DA-B9BB-A3C2AB7070CC}.AppStore|ARM64.Build.0 = Debug|Any CPU
		{E64073D9-968D-49DA-B9BB-A3C2AB7070CC}.AppStore|iPhone.ActiveCfg = Debug|Any CPU
		{E64073D9-968D-49DA-B9BB-A3C2AB7070CC}.AppStore|iPhone.Build.0 = Debug|Any CPU
		{E64073D9-968D-49DA-B9BB-A3C2AB7070CC}.AppStore|iPhoneSimulator.ActiveCfg = Debug|Any CPU
		{E64073D9-968D-49DA-B9BB-A3C2AB7070CC}.AppStore|iPhoneSimulator.Build.0 = Debug|Any CPU
		{E64073D9-968D-49DA-B9BB-A3C2AB7070CC}.AppStore|x64.ActiveCfg = Debug|Any CPU
		{E64073D9-968D-49DA-B9BB-A3C2AB7070CC}.AppStore|x64.Build.0 = Debug|Any CPU
		{E64073D9-968D-49DA-B9BB-A3C2AB7070CC}.AppStore|x86.ActiveCfg = Debug|Any CPU
		{E64073D9-968D-49DA-B9BB-A3C2AB7070CC}.AppStore|x86.Build.0 = Debug|Any CPU
		{E64073D9-968D-49DA-B9BB-A3C2AB7070CC}.Debug|Any CPU.ActiveCfg = Debug|Any CPU
		{E64073D9-968D-49DA-B9BB-A3C2AB7070CC}.Debug|Any CPU.Build.0 = Debug|Any CPU
		{E64073D9-968D-49DA-B9BB-A3C2AB7070CC}.Debug|ARM.ActiveCfg = Debug|Any CPU
		{E64073D9-968D-49DA-B9BB-A3C2AB7070CC}.Debug|ARM.Build.0 = Debug|Any CPU
		{E64073D9-968D-49DA-B9BB-A3C2AB7070CC}.Debug|ARM64.ActiveCfg = Debug|Any CPU
		{E64073D9-968D-49DA-B9BB-A3C2AB7070CC}.Debug|ARM64.Build.0 = Debug|Any CPU
		{E64073D9-968D-49DA-B9BB-A3C2AB7070CC}.Debug|iPhone.ActiveCfg = Debug|Any CPU
		{E64073D9-968D-49DA-B9BB-A3C2AB7070CC}.Debug|iPhone.Build.0 = Debug|Any CPU
		{E64073D9-968D-49DA-B9BB-A3C2AB7070CC}.Debug|iPhoneSimulator.ActiveCfg = Debug|Any CPU
		{E64073D9-968D-49DA-B9BB-A3C2AB7070CC}.Debug|iPhoneSimulator.Build.0 = Debug|Any CPU
		{E64073D9-968D-49DA-B9BB-A3C2AB7070CC}.Debug|x64.ActiveCfg = Debug|Any CPU
		{E64073D9-968D-49DA-B9BB-A3C2AB7070CC}.Debug|x64.Build.0 = Debug|Any CPU
		{E64073D9-968D-49DA-B9BB-A3C2AB7070CC}.Debug|x86.ActiveCfg = Debug|Any CPU
		{E64073D9-968D-49DA-B9BB-A3C2AB7070CC}.Debug|x86.Build.0 = Debug|Any CPU
		{E64073D9-968D-49DA-B9BB-A3C2AB7070CC}.Release|Any CPU.ActiveCfg = Release|Any CPU
		{E64073D9-968D-49DA-B9BB-A3C2AB7070CC}.Release|Any CPU.Build.0 = Release|Any CPU
		{E64073D9-968D-49DA-B9BB-A3C2AB7070CC}.Release|ARM.ActiveCfg = Release|Any CPU
		{E64073D9-968D-49DA-B9BB-A3C2AB7070CC}.Release|ARM.Build.0 = Release|Any CPU
		{E64073D9-968D-49DA-B9BB-A3C2AB7070CC}.Release|ARM64.ActiveCfg = Release|Any CPU
		{E64073D9-968D-49DA-B9BB-A3C2AB7070CC}.Release|ARM64.Build.0 = Release|Any CPU
		{E64073D9-968D-49DA-B9BB-A3C2AB7070CC}.Release|iPhone.ActiveCfg = Release|Any CPU
		{E64073D9-968D-49DA-B9BB-A3C2AB7070CC}.Release|iPhone.Build.0 = Release|Any CPU
		{E64073D9-968D-49DA-B9BB-A3C2AB7070CC}.Release|iPhoneSimulator.ActiveCfg = Release|Any CPU
		{E64073D9-968D-49DA-B9BB-A3C2AB7070CC}.Release|iPhoneSimulator.Build.0 = Release|Any CPU
		{E64073D9-968D-49DA-B9BB-A3C2AB7070CC}.Release|x64.ActiveCfg = Release|Any CPU
		{E64073D9-968D-49DA-B9BB-A3C2AB7070CC}.Release|x64.Build.0 = Release|Any CPU
		{E64073D9-968D-49DA-B9BB-A3C2AB7070CC}.Release|x86.ActiveCfg = Release|Any CPU
		{E64073D9-968D-49DA-B9BB-A3C2AB7070CC}.Release|x86.Build.0 = Release|Any CPU
		{91EA0D68-0AA9-4237-9F3C-BC9F7539BA37}.Ad-Hoc|Any CPU.ActiveCfg = Debug|iPhoneSimulator
		{91EA0D68-0AA9-4237-9F3C-BC9F7539BA37}.Ad-Hoc|Any CPU.Build.0 = Debug|iPhoneSimulator
		{91EA0D68-0AA9-4237-9F3C-BC9F7539BA37}.Ad-Hoc|ARM.ActiveCfg = Debug|iPhoneSimulator
		{91EA0D68-0AA9-4237-9F3C-BC9F7539BA37}.Ad-Hoc|ARM.Build.0 = Debug|iPhoneSimulator
		{91EA0D68-0AA9-4237-9F3C-BC9F7539BA37}.Ad-Hoc|ARM64.ActiveCfg = Debug|iPhoneSimulator
		{91EA0D68-0AA9-4237-9F3C-BC9F7539BA37}.Ad-Hoc|ARM64.Build.0 = Debug|iPhoneSimulator
		{91EA0D68-0AA9-4237-9F3C-BC9F7539BA37}.Ad-Hoc|iPhone.ActiveCfg = Debug|iPhoneSimulator
		{91EA0D68-0AA9-4237-9F3C-BC9F7539BA37}.Ad-Hoc|iPhone.Build.0 = Debug|iPhoneSimulator
		{91EA0D68-0AA9-4237-9F3C-BC9F7539BA37}.Ad-Hoc|iPhoneSimulator.ActiveCfg = Debug|iPhoneSimulator
		{91EA0D68-0AA9-4237-9F3C-BC9F7539BA37}.Ad-Hoc|iPhoneSimulator.Build.0 = Debug|iPhoneSimulator
		{91EA0D68-0AA9-4237-9F3C-BC9F7539BA37}.Ad-Hoc|x64.ActiveCfg = Debug|iPhoneSimulator
		{91EA0D68-0AA9-4237-9F3C-BC9F7539BA37}.Ad-Hoc|x64.Build.0 = Debug|iPhoneSimulator
		{91EA0D68-0AA9-4237-9F3C-BC9F7539BA37}.Ad-Hoc|x86.ActiveCfg = Debug|iPhoneSimulator
		{91EA0D68-0AA9-4237-9F3C-BC9F7539BA37}.Ad-Hoc|x86.Build.0 = Debug|iPhoneSimulator
		{91EA0D68-0AA9-4237-9F3C-BC9F7539BA37}.AppStore|Any CPU.ActiveCfg = Debug|iPhoneSimulator
		{91EA0D68-0AA9-4237-9F3C-BC9F7539BA37}.AppStore|Any CPU.Build.0 = Debug|iPhoneSimulator
		{91EA0D68-0AA9-4237-9F3C-BC9F7539BA37}.AppStore|ARM.ActiveCfg = Debug|iPhoneSimulator
		{91EA0D68-0AA9-4237-9F3C-BC9F7539BA37}.AppStore|ARM.Build.0 = Debug|iPhoneSimulator
		{91EA0D68-0AA9-4237-9F3C-BC9F7539BA37}.AppStore|ARM64.ActiveCfg = Debug|iPhoneSimulator
		{91EA0D68-0AA9-4237-9F3C-BC9F7539BA37}.AppStore|ARM64.Build.0 = Debug|iPhoneSimulator
		{91EA0D68-0AA9-4237-9F3C-BC9F7539BA37}.AppStore|iPhone.ActiveCfg = Debug|iPhoneSimulator
		{91EA0D68-0AA9-4237-9F3C-BC9F7539BA37}.AppStore|iPhone.Build.0 = Debug|iPhoneSimulator
		{91EA0D68-0AA9-4237-9F3C-BC9F7539BA37}.AppStore|iPhoneSimulator.ActiveCfg = Debug|iPhoneSimulator
		{91EA0D68-0AA9-4237-9F3C-BC9F7539BA37}.AppStore|iPhoneSimulator.Build.0 = Debug|iPhoneSimulator
		{91EA0D68-0AA9-4237-9F3C-BC9F7539BA37}.AppStore|x64.ActiveCfg = Debug|iPhoneSimulator
		{91EA0D68-0AA9-4237-9F3C-BC9F7539BA37}.AppStore|x64.Build.0 = Debug|iPhoneSimulator
		{91EA0D68-0AA9-4237-9F3C-BC9F7539BA37}.AppStore|x86.ActiveCfg = Debug|iPhoneSimulator
		{91EA0D68-0AA9-4237-9F3C-BC9F7539BA37}.AppStore|x86.Build.0 = Debug|iPhoneSimulator
		{91EA0D68-0AA9-4237-9F3C-BC9F7539BA37}.Debug|Any CPU.ActiveCfg = Debug|iPhoneSimulator
		{91EA0D68-0AA9-4237-9F3C-BC9F7539BA37}.Debug|ARM.ActiveCfg = Debug|iPhoneSimulator
		{91EA0D68-0AA9-4237-9F3C-BC9F7539BA37}.Debug|ARM64.ActiveCfg = Debug|iPhoneSimulator
		{91EA0D68-0AA9-4237-9F3C-BC9F7539BA37}.Debug|iPhone.ActiveCfg = Debug|iPhoneSimulator
		{91EA0D68-0AA9-4237-9F3C-BC9F7539BA37}.Debug|iPhoneSimulator.ActiveCfg = Debug|iPhoneSimulator
		{91EA0D68-0AA9-4237-9F3C-BC9F7539BA37}.Debug|iPhoneSimulator.Build.0 = Debug|iPhoneSimulator
		{91EA0D68-0AA9-4237-9F3C-BC9F7539BA37}.Debug|x64.ActiveCfg = Debug|iPhoneSimulator
		{91EA0D68-0AA9-4237-9F3C-BC9F7539BA37}.Debug|x86.ActiveCfg = Debug|iPhoneSimulator
		{91EA0D68-0AA9-4237-9F3C-BC9F7539BA37}.Release|Any CPU.ActiveCfg = Release|iPhoneSimulator
		{91EA0D68-0AA9-4237-9F3C-BC9F7539BA37}.Release|ARM.ActiveCfg = Release|iPhoneSimulator
		{91EA0D68-0AA9-4237-9F3C-BC9F7539BA37}.Release|ARM64.ActiveCfg = Release|iPhoneSimulator
		{91EA0D68-0AA9-4237-9F3C-BC9F7539BA37}.Release|iPhone.ActiveCfg = Release|iPhoneSimulator
		{91EA0D68-0AA9-4237-9F3C-BC9F7539BA37}.Release|iPhoneSimulator.ActiveCfg = Release|iPhoneSimulator
		{91EA0D68-0AA9-4237-9F3C-BC9F7539BA37}.Release|iPhoneSimulator.Build.0 = Release|iPhoneSimulator
		{91EA0D68-0AA9-4237-9F3C-BC9F7539BA37}.Release|x64.ActiveCfg = Release|iPhoneSimulator
		{91EA0D68-0AA9-4237-9F3C-BC9F7539BA37}.Release|x86.ActiveCfg = Release|iPhoneSimulator
		{3BF88B27-3B27-4E7B-91F8-F58CF93A84FD}.Ad-Hoc|Any CPU.ActiveCfg = Debug|Any CPU
		{3BF88B27-3B27-4E7B-91F8-F58CF93A84FD}.Ad-Hoc|Any CPU.Build.0 = Debug|Any CPU
		{3BF88B27-3B27-4E7B-91F8-F58CF93A84FD}.Ad-Hoc|ARM.ActiveCfg = Debug|Any CPU
		{3BF88B27-3B27-4E7B-91F8-F58CF93A84FD}.Ad-Hoc|ARM.Build.0 = Debug|Any CPU
		{3BF88B27-3B27-4E7B-91F8-F58CF93A84FD}.Ad-Hoc|ARM64.ActiveCfg = Debug|Any CPU
		{3BF88B27-3B27-4E7B-91F8-F58CF93A84FD}.Ad-Hoc|ARM64.Build.0 = Debug|Any CPU
		{3BF88B27-3B27-4E7B-91F8-F58CF93A84FD}.Ad-Hoc|iPhone.ActiveCfg = Debug|Any CPU
		{3BF88B27-3B27-4E7B-91F8-F58CF93A84FD}.Ad-Hoc|iPhone.Build.0 = Debug|Any CPU
		{3BF88B27-3B27-4E7B-91F8-F58CF93A84FD}.Ad-Hoc|iPhoneSimulator.ActiveCfg = Debug|Any CPU
		{3BF88B27-3B27-4E7B-91F8-F58CF93A84FD}.Ad-Hoc|iPhoneSimulator.Build.0 = Debug|Any CPU
		{3BF88B27-3B27-4E7B-91F8-F58CF93A84FD}.Ad-Hoc|x64.ActiveCfg = Debug|Any CPU
		{3BF88B27-3B27-4E7B-91F8-F58CF93A84FD}.Ad-Hoc|x64.Build.0 = Debug|Any CPU
		{3BF88B27-3B27-4E7B-91F8-F58CF93A84FD}.Ad-Hoc|x86.ActiveCfg = Debug|Any CPU
		{3BF88B27-3B27-4E7B-91F8-F58CF93A84FD}.Ad-Hoc|x86.Build.0 = Debug|Any CPU
		{3BF88B27-3B27-4E7B-91F8-F58CF93A84FD}.AppStore|Any CPU.ActiveCfg = Debug|Any CPU
		{3BF88B27-3B27-4E7B-91F8-F58CF93A84FD}.AppStore|Any CPU.Build.0 = Debug|Any CPU
		{3BF88B27-3B27-4E7B-91F8-F58CF93A84FD}.AppStore|ARM.ActiveCfg = Debug|Any CPU
		{3BF88B27-3B27-4E7B-91F8-F58CF93A84FD}.AppStore|ARM.Build.0 = Debug|Any CPU
		{3BF88B27-3B27-4E7B-91F8-F58CF93A84FD}.AppStore|ARM64.ActiveCfg = Debug|Any CPU
		{3BF88B27-3B27-4E7B-91F8-F58CF93A84FD}.AppStore|ARM64.Build.0 = Debug|Any CPU
		{3BF88B27-3B27-4E7B-91F8-F58CF93A84FD}.AppStore|iPhone.ActiveCfg = Debug|Any CPU
		{3BF88B27-3B27-4E7B-91F8-F58CF93A84FD}.AppStore|iPhone.Build.0 = Debug|Any CPU
		{3BF88B27-3B27-4E7B-91F8-F58CF93A84FD}.AppStore|iPhoneSimulator.ActiveCfg = Debug|Any CPU
		{3BF88B27-3B27-4E7B-91F8-F58CF93A84FD}.AppStore|iPhoneSimulator.Build.0 = Debug|Any CPU
		{3BF88B27-3B27-4E7B-91F8-F58CF93A84FD}.AppStore|x64.ActiveCfg = Debug|Any CPU
		{3BF88B27-3B27-4E7B-91F8-F58CF93A84FD}.AppStore|x64.Build.0 = Debug|Any CPU
		{3BF88B27-3B27-4E7B-91F8-F58CF93A84FD}.AppStore|x86.ActiveCfg = Debug|Any CPU
		{3BF88B27-3B27-4E7B-91F8-F58CF93A84FD}.AppStore|x86.Build.0 = Debug|Any CPU
		{3BF88B27-3B27-4E7B-91F8-F58CF93A84FD}.Debug|Any CPU.ActiveCfg = Debug|Any CPU
		{3BF88B27-3B27-4E7B-91F8-F58CF93A84FD}.Debug|Any CPU.Build.0 = Debug|Any CPU
		{3BF88B27-3B27-4E7B-91F8-F58CF93A84FD}.Debug|ARM.ActiveCfg = Debug|Any CPU
		{3BF88B27-3B27-4E7B-91F8-F58CF93A84FD}.Debug|ARM.Build.0 = Debug|Any CPU
		{3BF88B27-3B27-4E7B-91F8-F58CF93A84FD}.Debug|ARM64.ActiveCfg = Debug|Any CPU
		{3BF88B27-3B27-4E7B-91F8-F58CF93A84FD}.Debug|ARM64.Build.0 = Debug|Any CPU
		{3BF88B27-3B27-4E7B-91F8-F58CF93A84FD}.Debug|iPhone.ActiveCfg = Debug|Any CPU
		{3BF88B27-3B27-4E7B-91F8-F58CF93A84FD}.Debug|iPhone.Build.0 = Debug|Any CPU
		{3BF88B27-3B27-4E7B-91F8-F58CF93A84FD}.Debug|iPhoneSimulator.ActiveCfg = Debug|Any CPU
		{3BF88B27-3B27-4E7B-91F8-F58CF93A84FD}.Debug|iPhoneSimulator.Build.0 = Debug|Any CPU
		{3BF88B27-3B27-4E7B-91F8-F58CF93A84FD}.Debug|x64.ActiveCfg = Debug|Any CPU
		{3BF88B27-3B27-4E7B-91F8-F58CF93A84FD}.Debug|x64.Build.0 = Debug|Any CPU
		{3BF88B27-3B27-4E7B-91F8-F58CF93A84FD}.Debug|x86.ActiveCfg = Debug|Any CPU
		{3BF88B27-3B27-4E7B-91F8-F58CF93A84FD}.Debug|x86.Build.0 = Debug|Any CPU
		{3BF88B27-3B27-4E7B-91F8-F58CF93A84FD}.Release|Any CPU.ActiveCfg = Release|Any CPU
		{3BF88B27-3B27-4E7B-91F8-F58CF93A84FD}.Release|Any CPU.Build.0 = Release|Any CPU
		{3BF88B27-3B27-4E7B-91F8-F58CF93A84FD}.Release|ARM.ActiveCfg = Release|Any CPU
		{3BF88B27-3B27-4E7B-91F8-F58CF93A84FD}.Release|ARM.Build.0 = Release|Any CPU
		{3BF88B27-3B27-4E7B-91F8-F58CF93A84FD}.Release|ARM64.ActiveCfg = Release|Any CPU
		{3BF88B27-3B27-4E7B-91F8-F58CF93A84FD}.Release|ARM64.Build.0 = Release|Any CPU
		{3BF88B27-3B27-4E7B-91F8-F58CF93A84FD}.Release|iPhone.ActiveCfg = Release|Any CPU
		{3BF88B27-3B27-4E7B-91F8-F58CF93A84FD}.Release|iPhone.Build.0 = Release|Any CPU
		{3BF88B27-3B27-4E7B-91F8-F58CF93A84FD}.Release|iPhoneSimulator.ActiveCfg = Release|Any CPU
		{3BF88B27-3B27-4E7B-91F8-F58CF93A84FD}.Release|iPhoneSimulator.Build.0 = Release|Any CPU
		{3BF88B27-3B27-4E7B-91F8-F58CF93A84FD}.Release|x64.ActiveCfg = Release|Any CPU
		{3BF88B27-3B27-4E7B-91F8-F58CF93A84FD}.Release|x64.Build.0 = Release|Any CPU
		{3BF88B27-3B27-4E7B-91F8-F58CF93A84FD}.Release|x86.ActiveCfg = Release|Any CPU
		{3BF88B27-3B27-4E7B-91F8-F58CF93A84FD}.Release|x86.Build.0 = Release|Any CPU
		{1E2A6A6D-1578-43A2-BDF8-6AAAD9F014A6}.Ad-Hoc|Any CPU.ActiveCfg = Debug|Any CPU
		{1E2A6A6D-1578-43A2-BDF8-6AAAD9F014A6}.Ad-Hoc|Any CPU.Build.0 = Debug|Any CPU
		{1E2A6A6D-1578-43A2-BDF8-6AAAD9F014A6}.Ad-Hoc|ARM.ActiveCfg = Debug|Any CPU
		{1E2A6A6D-1578-43A2-BDF8-6AAAD9F014A6}.Ad-Hoc|ARM.Build.0 = Debug|Any CPU
		{1E2A6A6D-1578-43A2-BDF8-6AAAD9F014A6}.Ad-Hoc|ARM64.ActiveCfg = Debug|Any CPU
		{1E2A6A6D-1578-43A2-BDF8-6AAAD9F014A6}.Ad-Hoc|ARM64.Build.0 = Debug|Any CPU
		{1E2A6A6D-1578-43A2-BDF8-6AAAD9F014A6}.Ad-Hoc|iPhone.ActiveCfg = Debug|Any CPU
		{1E2A6A6D-1578-43A2-BDF8-6AAAD9F014A6}.Ad-Hoc|iPhone.Build.0 = Debug|Any CPU
		{1E2A6A6D-1578-43A2-BDF8-6AAAD9F014A6}.Ad-Hoc|iPhoneSimulator.ActiveCfg = Debug|Any CPU
		{1E2A6A6D-1578-43A2-BDF8-6AAAD9F014A6}.Ad-Hoc|iPhoneSimulator.Build.0 = Debug|Any CPU
		{1E2A6A6D-1578-43A2-BDF8-6AAAD9F014A6}.Ad-Hoc|x64.ActiveCfg = Debug|Any CPU
		{1E2A6A6D-1578-43A2-BDF8-6AAAD9F014A6}.Ad-Hoc|x64.Build.0 = Debug|Any CPU
		{1E2A6A6D-1578-43A2-BDF8-6AAAD9F014A6}.Ad-Hoc|x86.ActiveCfg = Debug|Any CPU
		{1E2A6A6D-1578-43A2-BDF8-6AAAD9F014A6}.Ad-Hoc|x86.Build.0 = Debug|Any CPU
		{1E2A6A6D-1578-43A2-BDF8-6AAAD9F014A6}.AppStore|Any CPU.ActiveCfg = Debug|Any CPU
		{1E2A6A6D-1578-43A2-BDF8-6AAAD9F014A6}.AppStore|Any CPU.Build.0 = Debug|Any CPU
		{1E2A6A6D-1578-43A2-BDF8-6AAAD9F014A6}.AppStore|ARM.ActiveCfg = Debug|Any CPU
		{1E2A6A6D-1578-43A2-BDF8-6AAAD9F014A6}.AppStore|ARM.Build.0 = Debug|Any CPU
		{1E2A6A6D-1578-43A2-BDF8-6AAAD9F014A6}.AppStore|ARM64.ActiveCfg = Debug|Any CPU
		{1E2A6A6D-1578-43A2-BDF8-6AAAD9F014A6}.AppStore|ARM64.Build.0 = Debug|Any CPU
		{1E2A6A6D-1578-43A2-BDF8-6AAAD9F014A6}.AppStore|iPhone.ActiveCfg = Debug|Any CPU
		{1E2A6A6D-1578-43A2-BDF8-6AAAD9F014A6}.AppStore|iPhone.Build.0 = Debug|Any CPU
		{1E2A6A6D-1578-43A2-BDF8-6AAAD9F014A6}.AppStore|iPhoneSimulator.ActiveCfg = Debug|Any CPU
		{1E2A6A6D-1578-43A2-BDF8-6AAAD9F014A6}.AppStore|iPhoneSimulator.Build.0 = Debug|Any CPU
		{1E2A6A6D-1578-43A2-BDF8-6AAAD9F014A6}.AppStore|x64.ActiveCfg = Debug|Any CPU
		{1E2A6A6D-1578-43A2-BDF8-6AAAD9F014A6}.AppStore|x64.Build.0 = Debug|Any CPU
		{1E2A6A6D-1578-43A2-BDF8-6AAAD9F014A6}.AppStore|x86.ActiveCfg = Debug|Any CPU
		{1E2A6A6D-1578-43A2-BDF8-6AAAD9F014A6}.AppStore|x86.Build.0 = Debug|Any CPU
		{1E2A6A6D-1578-43A2-BDF8-6AAAD9F014A6}.Debug|Any CPU.ActiveCfg = Debug|Any CPU
		{1E2A6A6D-1578-43A2-BDF8-6AAAD9F014A6}.Debug|Any CPU.Build.0 = Debug|Any CPU
		{1E2A6A6D-1578-43A2-BDF8-6AAAD9F014A6}.Debug|ARM.ActiveCfg = Debug|Any CPU
		{1E2A6A6D-1578-43A2-BDF8-6AAAD9F014A6}.Debug|ARM.Build.0 = Debug|Any CPU
		{1E2A6A6D-1578-43A2-BDF8-6AAAD9F014A6}.Debug|ARM64.ActiveCfg = Debug|Any CPU
		{1E2A6A6D-1578-43A2-BDF8-6AAAD9F014A6}.Debug|ARM64.Build.0 = Debug|Any CPU
		{1E2A6A6D-1578-43A2-BDF8-6AAAD9F014A6}.Debug|iPhone.ActiveCfg = Debug|Any CPU
		{1E2A6A6D-1578-43A2-BDF8-6AAAD9F014A6}.Debug|iPhone.Build.0 = Debug|Any CPU
		{1E2A6A6D-1578-43A2-BDF8-6AAAD9F014A6}.Debug|iPhoneSimulator.ActiveCfg = Debug|Any CPU
		{1E2A6A6D-1578-43A2-BDF8-6AAAD9F014A6}.Debug|iPhoneSimulator.Build.0 = Debug|Any CPU
		{1E2A6A6D-1578-43A2-BDF8-6AAAD9F014A6}.Debug|x64.ActiveCfg = Debug|Any CPU
		{1E2A6A6D-1578-43A2-BDF8-6AAAD9F014A6}.Debug|x64.Build.0 = Debug|Any CPU
		{1E2A6A6D-1578-43A2-BDF8-6AAAD9F014A6}.Debug|x86.ActiveCfg = Debug|Any CPU
		{1E2A6A6D-1578-43A2-BDF8-6AAAD9F014A6}.Debug|x86.Build.0 = Debug|Any CPU
		{1E2A6A6D-1578-43A2-BDF8-6AAAD9F014A6}.Release|Any CPU.ActiveCfg = Release|Any CPU
		{1E2A6A6D-1578-43A2-BDF8-6AAAD9F014A6}.Release|Any CPU.Build.0 = Release|Any CPU
		{1E2A6A6D-1578-43A2-BDF8-6AAAD9F014A6}.Release|ARM.ActiveCfg = Release|Any CPU
		{1E2A6A6D-1578-43A2-BDF8-6AAAD9F014A6}.Release|ARM.Build.0 = Release|Any CPU
		{1E2A6A6D-1578-43A2-BDF8-6AAAD9F014A6}.Release|ARM64.ActiveCfg = Release|Any CPU
		{1E2A6A6D-1578-43A2-BDF8-6AAAD9F014A6}.Release|ARM64.Build.0 = Release|Any CPU
		{1E2A6A6D-1578-43A2-BDF8-6AAAD9F014A6}.Release|iPhone.ActiveCfg = Release|Any CPU
		{1E2A6A6D-1578-43A2-BDF8-6AAAD9F014A6}.Release|iPhone.Build.0 = Release|Any CPU
		{1E2A6A6D-1578-43A2-BDF8-6AAAD9F014A6}.Release|iPhoneSimulator.ActiveCfg = Release|Any CPU
		{1E2A6A6D-1578-43A2-BDF8-6AAAD9F014A6}.Release|iPhoneSimulator.Build.0 = Release|Any CPU
		{1E2A6A6D-1578-43A2-BDF8-6AAAD9F014A6}.Release|x64.ActiveCfg = Release|Any CPU
		{1E2A6A6D-1578-43A2-BDF8-6AAAD9F014A6}.Release|x64.Build.0 = Release|Any CPU
		{1E2A6A6D-1578-43A2-BDF8-6AAAD9F014A6}.Release|x86.ActiveCfg = Release|Any CPU
		{1E2A6A6D-1578-43A2-BDF8-6AAAD9F014A6}.Release|x86.Build.0 = Release|Any CPU
		{FA2F58C4-8DE2-4306-930C-0E045456B226}.Ad-Hoc|Any CPU.ActiveCfg = Debug|Any CPU
		{FA2F58C4-8DE2-4306-930C-0E045456B226}.Ad-Hoc|Any CPU.Build.0 = Debug|Any CPU
		{FA2F58C4-8DE2-4306-930C-0E045456B226}.Ad-Hoc|ARM.ActiveCfg = Debug|Any CPU
		{FA2F58C4-8DE2-4306-930C-0E045456B226}.Ad-Hoc|ARM.Build.0 = Debug|Any CPU
		{FA2F58C4-8DE2-4306-930C-0E045456B226}.Ad-Hoc|ARM64.ActiveCfg = Debug|Any CPU
		{FA2F58C4-8DE2-4306-930C-0E045456B226}.Ad-Hoc|ARM64.Build.0 = Debug|Any CPU
		{FA2F58C4-8DE2-4306-930C-0E045456B226}.Ad-Hoc|iPhone.ActiveCfg = Debug|Any CPU
		{FA2F58C4-8DE2-4306-930C-0E045456B226}.Ad-Hoc|iPhone.Build.0 = Debug|Any CPU
		{FA2F58C4-8DE2-4306-930C-0E045456B226}.Ad-Hoc|iPhoneSimulator.ActiveCfg = Debug|Any CPU
		{FA2F58C4-8DE2-4306-930C-0E045456B226}.Ad-Hoc|iPhoneSimulator.Build.0 = Debug|Any CPU
		{FA2F58C4-8DE2-4306-930C-0E045456B226}.Ad-Hoc|x64.ActiveCfg = Debug|Any CPU
		{FA2F58C4-8DE2-4306-930C-0E045456B226}.Ad-Hoc|x64.Build.0 = Debug|Any CPU
		{FA2F58C4-8DE2-4306-930C-0E045456B226}.Ad-Hoc|x86.ActiveCfg = Debug|Any CPU
		{FA2F58C4-8DE2-4306-930C-0E045456B226}.Ad-Hoc|x86.Build.0 = Debug|Any CPU
		{FA2F58C4-8DE2-4306-930C-0E045456B226}.AppStore|Any CPU.ActiveCfg = Debug|Any CPU
		{FA2F58C4-8DE2-4306-930C-0E045456B226}.AppStore|Any CPU.Build.0 = Debug|Any CPU
		{FA2F58C4-8DE2-4306-930C-0E045456B226}.AppStore|ARM.ActiveCfg = Debug|Any CPU
		{FA2F58C4-8DE2-4306-930C-0E045456B226}.AppStore|ARM.Build.0 = Debug|Any CPU
		{FA2F58C4-8DE2-4306-930C-0E045456B226}.AppStore|ARM64.ActiveCfg = Debug|Any CPU
		{FA2F58C4-8DE2-4306-930C-0E045456B226}.AppStore|ARM64.Build.0 = Debug|Any CPU
		{FA2F58C4-8DE2-4306-930C-0E045456B226}.AppStore|iPhone.ActiveCfg = Debug|Any CPU
		{FA2F58C4-8DE2-4306-930C-0E045456B226}.AppStore|iPhone.Build.0 = Debug|Any CPU
		{FA2F58C4-8DE2-4306-930C-0E045456B226}.AppStore|iPhoneSimulator.ActiveCfg = Debug|Any CPU
		{FA2F58C4-8DE2-4306-930C-0E045456B226}.AppStore|iPhoneSimulator.Build.0 = Debug|Any CPU
		{FA2F58C4-8DE2-4306-930C-0E045456B226}.AppStore|x64.ActiveCfg = Debug|Any CPU
		{FA2F58C4-8DE2-4306-930C-0E045456B226}.AppStore|x64.Build.0 = Debug|Any CPU
		{FA2F58C4-8DE2-4306-930C-0E045456B226}.AppStore|x86.ActiveCfg = Debug|Any CPU
		{FA2F58C4-8DE2-4306-930C-0E045456B226}.AppStore|x86.Build.0 = Debug|Any CPU
		{FA2F58C4-8DE2-4306-930C-0E045456B226}.Debug|Any CPU.ActiveCfg = Debug|Any CPU
		{FA2F58C4-8DE2-4306-930C-0E045456B226}.Debug|Any CPU.Build.0 = Debug|Any CPU
		{FA2F58C4-8DE2-4306-930C-0E045456B226}.Debug|ARM.ActiveCfg = Debug|Any CPU
		{FA2F58C4-8DE2-4306-930C-0E045456B226}.Debug|ARM.Build.0 = Debug|Any CPU
		{FA2F58C4-8DE2-4306-930C-0E045456B226}.Debug|ARM64.ActiveCfg = Debug|Any CPU
		{FA2F58C4-8DE2-4306-930C-0E045456B226}.Debug|ARM64.Build.0 = Debug|Any CPU
		{FA2F58C4-8DE2-4306-930C-0E045456B226}.Debug|iPhone.ActiveCfg = Debug|Any CPU
		{FA2F58C4-8DE2-4306-930C-0E045456B226}.Debug|iPhone.Build.0 = Debug|Any CPU
		{FA2F58C4-8DE2-4306-930C-0E045456B226}.Debug|iPhoneSimulator.ActiveCfg = Debug|Any CPU
		{FA2F58C4-8DE2-4306-930C-0E045456B226}.Debug|iPhoneSimulator.Build.0 = Debug|Any CPU
		{FA2F58C4-8DE2-4306-930C-0E045456B226}.Debug|x64.ActiveCfg = Debug|Any CPU
		{FA2F58C4-8DE2-4306-930C-0E045456B226}.Debug|x64.Build.0 = Debug|Any CPU
		{FA2F58C4-8DE2-4306-930C-0E045456B226}.Debug|x86.ActiveCfg = Debug|Any CPU
		{FA2F58C4-8DE2-4306-930C-0E045456B226}.Debug|x86.Build.0 = Debug|Any CPU
		{FA2F58C4-8DE2-4306-930C-0E045456B226}.Release|Any CPU.ActiveCfg = Release|Any CPU
		{FA2F58C4-8DE2-4306-930C-0E045456B226}.Release|Any CPU.Build.0 = Release|Any CPU
		{FA2F58C4-8DE2-4306-930C-0E045456B226}.Release|ARM.ActiveCfg = Release|Any CPU
		{FA2F58C4-8DE2-4306-930C-0E045456B226}.Release|ARM.Build.0 = Release|Any CPU
		{FA2F58C4-8DE2-4306-930C-0E045456B226}.Release|ARM64.ActiveCfg = Release|Any CPU
		{FA2F58C4-8DE2-4306-930C-0E045456B226}.Release|ARM64.Build.0 = Release|Any CPU
		{FA2F58C4-8DE2-4306-930C-0E045456B226}.Release|iPhone.ActiveCfg = Release|Any CPU
		{FA2F58C4-8DE2-4306-930C-0E045456B226}.Release|iPhone.Build.0 = Release|Any CPU
		{FA2F58C4-8DE2-4306-930C-0E045456B226}.Release|iPhoneSimulator.ActiveCfg = Release|Any CPU
		{FA2F58C4-8DE2-4306-930C-0E045456B226}.Release|iPhoneSimulator.Build.0 = Release|Any CPU
		{FA2F58C4-8DE2-4306-930C-0E045456B226}.Release|x64.ActiveCfg = Release|Any CPU
		{FA2F58C4-8DE2-4306-930C-0E045456B226}.Release|x64.Build.0 = Release|Any CPU
		{FA2F58C4-8DE2-4306-930C-0E045456B226}.Release|x86.ActiveCfg = Release|Any CPU
		{FA2F58C4-8DE2-4306-930C-0E045456B226}.Release|x86.Build.0 = Release|Any CPU
		{B8ABDBD9-F412-478F-A1A2-1C8FFDC696CD}.Ad-Hoc|Any CPU.ActiveCfg = Debug|Any CPU
		{B8ABDBD9-F412-478F-A1A2-1C8FFDC696CD}.Ad-Hoc|Any CPU.Build.0 = Debug|Any CPU
		{B8ABDBD9-F412-478F-A1A2-1C8FFDC696CD}.Ad-Hoc|ARM.ActiveCfg = Debug|Any CPU
		{B8ABDBD9-F412-478F-A1A2-1C8FFDC696CD}.Ad-Hoc|ARM.Build.0 = Debug|Any CPU
		{B8ABDBD9-F412-478F-A1A2-1C8FFDC696CD}.Ad-Hoc|ARM64.ActiveCfg = Debug|Any CPU
		{B8ABDBD9-F412-478F-A1A2-1C8FFDC696CD}.Ad-Hoc|ARM64.Build.0 = Debug|Any CPU
		{B8ABDBD9-F412-478F-A1A2-1C8FFDC696CD}.Ad-Hoc|iPhone.ActiveCfg = Debug|Any CPU
		{B8ABDBD9-F412-478F-A1A2-1C8FFDC696CD}.Ad-Hoc|iPhone.Build.0 = Debug|Any CPU
		{B8ABDBD9-F412-478F-A1A2-1C8FFDC696CD}.Ad-Hoc|iPhoneSimulator.ActiveCfg = Debug|Any CPU
		{B8ABDBD9-F412-478F-A1A2-1C8FFDC696CD}.Ad-Hoc|iPhoneSimulator.Build.0 = Debug|Any CPU
		{B8ABDBD9-F412-478F-A1A2-1C8FFDC696CD}.Ad-Hoc|x64.ActiveCfg = Debug|Any CPU
		{B8ABDBD9-F412-478F-A1A2-1C8FFDC696CD}.Ad-Hoc|x64.Build.0 = Debug|Any CPU
		{B8ABDBD9-F412-478F-A1A2-1C8FFDC696CD}.Ad-Hoc|x86.ActiveCfg = Debug|Any CPU
		{B8ABDBD9-F412-478F-A1A2-1C8FFDC696CD}.Ad-Hoc|x86.Build.0 = Debug|Any CPU
		{B8ABDBD9-F412-478F-A1A2-1C8FFDC696CD}.AppStore|Any CPU.ActiveCfg = Debug|Any CPU
		{B8ABDBD9-F412-478F-A1A2-1C8FFDC696CD}.AppStore|Any CPU.Build.0 = Debug|Any CPU
		{B8ABDBD9-F412-478F-A1A2-1C8FFDC696CD}.AppStore|ARM.ActiveCfg = Debug|Any CPU
		{B8ABDBD9-F412-478F-A1A2-1C8FFDC696CD}.AppStore|ARM.Build.0 = Debug|Any CPU
		{B8ABDBD9-F412-478F-A1A2-1C8FFDC696CD}.AppStore|ARM64.ActiveCfg = Debug|Any CPU
		{B8ABDBD9-F412-478F-A1A2-1C8FFDC696CD}.AppStore|ARM64.Build.0 = Debug|Any CPU
		{B8ABDBD9-F412-478F-A1A2-1C8FFDC696CD}.AppStore|iPhone.ActiveCfg = Debug|Any CPU
		{B8ABDBD9-F412-478F-A1A2-1C8FFDC696CD}.AppStore|iPhone.Build.0 = Debug|Any CPU
		{B8ABDBD9-F412-478F-A1A2-1C8FFDC696CD}.AppStore|iPhoneSimulator.ActiveCfg = Debug|Any CPU
		{B8ABDBD9-F412-478F-A1A2-1C8FFDC696CD}.AppStore|iPhoneSimulator.Build.0 = Debug|Any CPU
		{B8ABDBD9-F412-478F-A1A2-1C8FFDC696CD}.AppStore|x64.ActiveCfg = Debug|Any CPU
		{B8ABDBD9-F412-478F-A1A2-1C8FFDC696CD}.AppStore|x64.Build.0 = Debug|Any CPU
		{B8ABDBD9-F412-478F-A1A2-1C8FFDC696CD}.AppStore|x86.ActiveCfg = Debug|Any CPU
		{B8ABDBD9-F412-478F-A1A2-1C8FFDC696CD}.AppStore|x86.Build.0 = Debug|Any CPU
		{B8ABDBD9-F412-478F-A1A2-1C8FFDC696CD}.Debug|Any CPU.ActiveCfg = Debug|Any CPU
		{B8ABDBD9-F412-478F-A1A2-1C8FFDC696CD}.Debug|Any CPU.Build.0 = Debug|Any CPU
		{B8ABDBD9-F412-478F-A1A2-1C8FFDC696CD}.Debug|ARM.ActiveCfg = Debug|Any CPU
		{B8ABDBD9-F412-478F-A1A2-1C8FFDC696CD}.Debug|ARM.Build.0 = Debug|Any CPU
		{B8ABDBD9-F412-478F-A1A2-1C8FFDC696CD}.Debug|ARM64.ActiveCfg = Debug|Any CPU
		{B8ABDBD9-F412-478F-A1A2-1C8FFDC696CD}.Debug|ARM64.Build.0 = Debug|Any CPU
		{B8ABDBD9-F412-478F-A1A2-1C8FFDC696CD}.Debug|iPhone.ActiveCfg = Debug|Any CPU
		{B8ABDBD9-F412-478F-A1A2-1C8FFDC696CD}.Debug|iPhone.Build.0 = Debug|Any CPU
		{B8ABDBD9-F412-478F-A1A2-1C8FFDC696CD}.Debug|iPhoneSimulator.ActiveCfg = Debug|Any CPU
		{B8ABDBD9-F412-478F-A1A2-1C8FFDC696CD}.Debug|iPhoneSimulator.Build.0 = Debug|Any CPU
		{B8ABDBD9-F412-478F-A1A2-1C8FFDC696CD}.Debug|x64.ActiveCfg = Debug|Any CPU
		{B8ABDBD9-F412-478F-A1A2-1C8FFDC696CD}.Debug|x64.Build.0 = Debug|Any CPU
		{B8ABDBD9-F412-478F-A1A2-1C8FFDC696CD}.Debug|x86.ActiveCfg = Debug|Any CPU
		{B8ABDBD9-F412-478F-A1A2-1C8FFDC696CD}.Debug|x86.Build.0 = Debug|Any CPU
		{B8ABDBD9-F412-478F-A1A2-1C8FFDC696CD}.Release|Any CPU.ActiveCfg = Release|Any CPU
		{B8ABDBD9-F412-478F-A1A2-1C8FFDC696CD}.Release|Any CPU.Build.0 = Release|Any CPU
		{B8ABDBD9-F412-478F-A1A2-1C8FFDC696CD}.Release|ARM.ActiveCfg = Release|Any CPU
		{B8ABDBD9-F412-478F-A1A2-1C8FFDC696CD}.Release|ARM.Build.0 = Release|Any CPU
		{B8ABDBD9-F412-478F-A1A2-1C8FFDC696CD}.Release|ARM64.ActiveCfg = Release|Any CPU
		{B8ABDBD9-F412-478F-A1A2-1C8FFDC696CD}.Release|ARM64.Build.0 = Release|Any CPU
		{B8ABDBD9-F412-478F-A1A2-1C8FFDC696CD}.Release|iPhone.ActiveCfg = Release|Any CPU
		{B8ABDBD9-F412-478F-A1A2-1C8FFDC696CD}.Release|iPhone.Build.0 = Release|Any CPU
		{B8ABDBD9-F412-478F-A1A2-1C8FFDC696CD}.Release|iPhoneSimulator.ActiveCfg = Release|Any CPU
		{B8ABDBD9-F412-478F-A1A2-1C8FFDC696CD}.Release|iPhoneSimulator.Build.0 = Release|Any CPU
		{B8ABDBD9-F412-478F-A1A2-1C8FFDC696CD}.Release|x64.ActiveCfg = Release|Any CPU
		{B8ABDBD9-F412-478F-A1A2-1C8FFDC696CD}.Release|x64.Build.0 = Release|Any CPU
		{B8ABDBD9-F412-478F-A1A2-1C8FFDC696CD}.Release|x86.ActiveCfg = Release|Any CPU
		{B8ABDBD9-F412-478F-A1A2-1C8FFDC696CD}.Release|x86.Build.0 = Release|Any CPU
		{67C9ADCF-CA48-43E0-B4F9-ED056266B551}.Ad-Hoc|Any CPU.ActiveCfg = Debug|Any CPU
		{67C9ADCF-CA48-43E0-B4F9-ED056266B551}.Ad-Hoc|Any CPU.Build.0 = Debug|Any CPU
		{67C9ADCF-CA48-43E0-B4F9-ED056266B551}.Ad-Hoc|ARM.ActiveCfg = Debug|Any CPU
		{67C9ADCF-CA48-43E0-B4F9-ED056266B551}.Ad-Hoc|ARM.Build.0 = Debug|Any CPU
		{67C9ADCF-CA48-43E0-B4F9-ED056266B551}.Ad-Hoc|ARM64.ActiveCfg = Debug|Any CPU
		{67C9ADCF-CA48-43E0-B4F9-ED056266B551}.Ad-Hoc|ARM64.Build.0 = Debug|Any CPU
		{67C9ADCF-CA48-43E0-B4F9-ED056266B551}.Ad-Hoc|iPhone.ActiveCfg = Debug|Any CPU
		{67C9ADCF-CA48-43E0-B4F9-ED056266B551}.Ad-Hoc|iPhone.Build.0 = Debug|Any CPU
		{67C9ADCF-CA48-43E0-B4F9-ED056266B551}.Ad-Hoc|iPhoneSimulator.ActiveCfg = Debug|Any CPU
		{67C9ADCF-CA48-43E0-B4F9-ED056266B551}.Ad-Hoc|iPhoneSimulator.Build.0 = Debug|Any CPU
		{67C9ADCF-CA48-43E0-B4F9-ED056266B551}.Ad-Hoc|x64.ActiveCfg = Debug|Any CPU
		{67C9ADCF-CA48-43E0-B4F9-ED056266B551}.Ad-Hoc|x64.Build.0 = Debug|Any CPU
		{67C9ADCF-CA48-43E0-B4F9-ED056266B551}.Ad-Hoc|x86.ActiveCfg = Debug|Any CPU
		{67C9ADCF-CA48-43E0-B4F9-ED056266B551}.Ad-Hoc|x86.Build.0 = Debug|Any CPU
		{67C9ADCF-CA48-43E0-B4F9-ED056266B551}.AppStore|Any CPU.ActiveCfg = Debug|Any CPU
		{67C9ADCF-CA48-43E0-B4F9-ED056266B551}.AppStore|Any CPU.Build.0 = Debug|Any CPU
		{67C9ADCF-CA48-43E0-B4F9-ED056266B551}.AppStore|ARM.ActiveCfg = Debug|Any CPU
		{67C9ADCF-CA48-43E0-B4F9-ED056266B551}.AppStore|ARM.Build.0 = Debug|Any CPU
		{67C9ADCF-CA48-43E0-B4F9-ED056266B551}.AppStore|ARM64.ActiveCfg = Debug|Any CPU
		{67C9ADCF-CA48-43E0-B4F9-ED056266B551}.AppStore|ARM64.Build.0 = Debug|Any CPU
		{67C9ADCF-CA48-43E0-B4F9-ED056266B551}.AppStore|iPhone.ActiveCfg = Debug|Any CPU
		{67C9ADCF-CA48-43E0-B4F9-ED056266B551}.AppStore|iPhone.Build.0 = Debug|Any CPU
		{67C9ADCF-CA48-43E0-B4F9-ED056266B551}.AppStore|iPhoneSimulator.ActiveCfg = Debug|Any CPU
		{67C9ADCF-CA48-43E0-B4F9-ED056266B551}.AppStore|iPhoneSimulator.Build.0 = Debug|Any CPU
		{67C9ADCF-CA48-43E0-B4F9-ED056266B551}.AppStore|x64.ActiveCfg = Debug|Any CPU
		{67C9ADCF-CA48-43E0-B4F9-ED056266B551}.AppStore|x64.Build.0 = Debug|Any CPU
		{67C9ADCF-CA48-43E0-B4F9-ED056266B551}.AppStore|x86.ActiveCfg = Debug|Any CPU
		{67C9ADCF-CA48-43E0-B4F9-ED056266B551}.AppStore|x86.Build.0 = Debug|Any CPU
		{67C9ADCF-CA48-43E0-B4F9-ED056266B551}.Debug|Any CPU.ActiveCfg = Debug|Any CPU
		{67C9ADCF-CA48-43E0-B4F9-ED056266B551}.Debug|Any CPU.Build.0 = Debug|Any CPU
		{67C9ADCF-CA48-43E0-B4F9-ED056266B551}.Debug|ARM.ActiveCfg = Debug|Any CPU
		{67C9ADCF-CA48-43E0-B4F9-ED056266B551}.Debug|ARM.Build.0 = Debug|Any CPU
		{67C9ADCF-CA48-43E0-B4F9-ED056266B551}.Debug|ARM64.ActiveCfg = Debug|Any CPU
		{67C9ADCF-CA48-43E0-B4F9-ED056266B551}.Debug|ARM64.Build.0 = Debug|Any CPU
		{67C9ADCF-CA48-43E0-B4F9-ED056266B551}.Debug|iPhone.ActiveCfg = Debug|Any CPU
		{67C9ADCF-CA48-43E0-B4F9-ED056266B551}.Debug|iPhone.Build.0 = Debug|Any CPU
		{67C9ADCF-CA48-43E0-B4F9-ED056266B551}.Debug|iPhoneSimulator.ActiveCfg = Debug|Any CPU
		{67C9ADCF-CA48-43E0-B4F9-ED056266B551}.Debug|iPhoneSimulator.Build.0 = Debug|Any CPU
		{67C9ADCF-CA48-43E0-B4F9-ED056266B551}.Debug|x64.ActiveCfg = Debug|Any CPU
		{67C9ADCF-CA48-43E0-B4F9-ED056266B551}.Debug|x64.Build.0 = Debug|Any CPU
		{67C9ADCF-CA48-43E0-B4F9-ED056266B551}.Debug|x86.ActiveCfg = Debug|Any CPU
		{67C9ADCF-CA48-43E0-B4F9-ED056266B551}.Debug|x86.Build.0 = Debug|Any CPU
		{67C9ADCF-CA48-43E0-B4F9-ED056266B551}.Release|Any CPU.ActiveCfg = Release|Any CPU
		{67C9ADCF-CA48-43E0-B4F9-ED056266B551}.Release|Any CPU.Build.0 = Release|Any CPU
		{67C9ADCF-CA48-43E0-B4F9-ED056266B551}.Release|ARM.ActiveCfg = Release|Any CPU
		{67C9ADCF-CA48-43E0-B4F9-ED056266B551}.Release|ARM.Build.0 = Release|Any CPU
		{67C9ADCF-CA48-43E0-B4F9-ED056266B551}.Release|ARM64.ActiveCfg = Release|Any CPU
		{67C9ADCF-CA48-43E0-B4F9-ED056266B551}.Release|ARM64.Build.0 = Release|Any CPU
		{67C9ADCF-CA48-43E0-B4F9-ED056266B551}.Release|iPhone.ActiveCfg = Release|Any CPU
		{67C9ADCF-CA48-43E0-B4F9-ED056266B551}.Release|iPhone.Build.0 = Release|Any CPU
		{67C9ADCF-CA48-43E0-B4F9-ED056266B551}.Release|iPhoneSimulator.ActiveCfg = Release|Any CPU
		{67C9ADCF-CA48-43E0-B4F9-ED056266B551}.Release|iPhoneSimulator.Build.0 = Release|Any CPU
		{67C9ADCF-CA48-43E0-B4F9-ED056266B551}.Release|x64.ActiveCfg = Release|Any CPU
		{67C9ADCF-CA48-43E0-B4F9-ED056266B551}.Release|x64.Build.0 = Release|Any CPU
		{67C9ADCF-CA48-43E0-B4F9-ED056266B551}.Release|x86.ActiveCfg = Release|Any CPU
		{67C9ADCF-CA48-43E0-B4F9-ED056266B551}.Release|x86.Build.0 = Release|Any CPU
	EndGlobalSection
	GlobalSection(SolutionProperties) = preSolution
		HideSolutionNode = FALSE
	EndGlobalSection
	GlobalSection(NestedProjects) = preSolution
		{18674F9E-AEA3-4525-98F6-08CB9FADCFCD} = {3C04BB89-6B4F-4017-A404-92760112CBE0}
		{303645A1-3EF3-4FDE-B620-7428DA06A9BC} = {3C04BB89-6B4F-4017-A404-92760112CBE0}
		{B067611F-3BD9-4343-B7A7-40F9BEE938E1} = {3C04BB89-6B4F-4017-A404-92760112CBE0}
		{E64073D9-968D-49DA-B9BB-A3C2AB7070CC} = {3C04BB89-6B4F-4017-A404-92760112CBE0}
		{91EA0D68-0AA9-4237-9F3C-BC9F7539BA37} = {3C04BB89-6B4F-4017-A404-92760112CBE0}
		{3BF88B27-3B27-4E7B-91F8-F58CF93A84FD} = {3C04BB89-6B4F-4017-A404-92760112CBE0}
		{1E2A6A6D-1578-43A2-BDF8-6AAAD9F014A6} = {3C04BB89-6B4F-4017-A404-92760112CBE0}
		{FA2F58C4-8DE2-4306-930C-0E045456B226} = {3C04BB89-6B4F-4017-A404-92760112CBE0}
		{B8ABDBD9-F412-478F-A1A2-1C8FFDC696CD} = {3C04BB89-6B4F-4017-A404-92760112CBE0}
	EndGlobalSection
	GlobalSection(ExtensibilityGlobals) = postSolution
		SolutionGuid = {66F953FF-2DB5-4A33-BA0F-4262DCF5C0DA}
	EndGlobalSection
EndGlobal
